# THIS IS AN AUTOGENERATED FILE. DO NOT EDIT THIS FILE DIRECTLY.
# yarn lockfile v1


chrome-types@^0.1.286:
  version "0.1.286"
  resolved "https://registry.yarnpkg.com/chrome-types/-/chrome-types-0.1.286.tgz#4303e2a405c24c61371f937e2a77a6dcd34aff70"
  integrity sha512-2omCmpBRXvHdymZ+moqEFLjfMCayJIfC34RsZPzCW5D5CgvrpomZSvW8aEgOv6Jvn2v1UlpjK/4m73LaMFRUeQ==
